// !$*UTF8*$!
{
	archiveVersion = 1;
	classes = {
	};
	objectVersion = 50;
	objects = {

/* Begin PBXBuildFile section */
		0601DDDE222EF45D00CFBDE3 /* HomeViewController.swift in Sources */ = {isa = PBXBuildFile; fileRef = 0601DDDD222EF45D00CFBDE3 /* HomeViewController.swift */; };
		0601DDE2222EFA7F00CFBDE3 /* LightButton.swift in Sources */ = {isa = PBXBuildFile; fileRef = 0601DDE1222EFA7F00CFBDE3 /* LightButton.swift */; };
		0601DE21223DBA1500CFBDE3 /* PlayerViewController.swift in Sources */ = {isa = PBXBuildFile; fileRef = 0601DE20223DBA1500CFBDE3 /* PlayerViewController.swift */; };
		0601DE24223DBC4F00CFBDE3 /* Identifier.swift in Sources */ = {isa = PBXBuildFile; fileRef = 0601DE23223DBC4F00CFBDE3 /* Identifier.swift */; };
		0601DE26223EA98800CFBDE3 /* CustomTextField.swift in Sources */ = {isa = PBXBuildFile; fileRef = 0601DE25223EA98800CFBDE3 /* CustomTextField.swift */; };
		0601DE2A223EAF2400CFBDE3 /* EntryCell.swift in Sources */ = {isa = PBXBuildFile; fileRef = 0601DE28223EAF2400CFBDE3 /* EntryCell.swift */; };
		0601DE2B223EAF2400CFBDE3 /* EntryCell.xib in Resources */ = {isa = PBXBuildFile; fileRef = 0601DE29223EAF2400CFBDE3 /* EntryCell.xib */; };
		0601DE2D22402C0F00CFBDE3 /* Constants.swift in Sources */ = {isa = PBXBuildFile; fileRef = 0601DE2C22402C0F00CFBDE3 /* Constants.swift */; };
		0601DE2F2242913500CFBDE3 /* PlayerListModel.swift in Sources */ = {isa = PBXBuildFile; fileRef = 0601DE2E2242913500CFBDE3 /* PlayerListModel.swift */; };
		060C4D11221F425600B0BB07 /* Images.xcassets in Resources */ = {isa = PBXBuildFile; fileRef = 060C4D10221F425600B0BB07 /* Images.xcassets */; };
		060C4D13222047AC00B0BB07 /* JUICE_Regular.ttf in Resources */ = {isa = PBXBuildFile; fileRef = 060C4D12222047AC00B0BB07 /* JUICE_Regular.ttf */; };
		060C4D15222047BA00B0BB07 /* Library 3 am.otf in Resources */ = {isa = PBXBuildFile; fileRef = 060C4D14222047BA00B0BB07 /* Library 3 am.otf */; };
		060C4D17222047C500B0BB07 /* PoetsenOne-Regular.otf in Resources */ = {isa = PBXBuildFile; fileRef = 060C4D16222047C500B0BB07 /* PoetsenOne-Regular.otf */; };
		060C4D19222047D100B0BB07 /* saxmono.ttf in Resources */ = {isa = PBXBuildFile; fileRef = 060C4D18222047D100B0BB07 /* saxmono.ttf */; };
		060C4D1C222710C100B0BB07 /* PlayerModel.swift in Sources */ = {isa = PBXBuildFile; fileRef = 060C4D1B222710C100B0BB07 /* PlayerModel.swift */; };
		060C4D1F22271E6800B0BB07 /* PlayerListViewModel.swift in Sources */ = {isa = PBXBuildFile; fileRef = 060C4D1E22271E6800B0BB07 /* PlayerListViewModel.swift */; };
		060C4D21222754D400B0BB07 /* ChoreModel.swift in Sources */ = {isa = PBXBuildFile; fileRef = 060C4D20222754D400B0BB07 /* ChoreModel.swift */; };
		060C4D232227556600B0BB07 /* ChoreViewModel.swift in Sources */ = {isa = PBXBuildFile; fileRef = 060C4D222227556600B0BB07 /* ChoreViewModel.swift */; };
		064A019B221B3BED001AE3AF /* AppDelegate.swift in Sources */ = {isa = PBXBuildFile; fileRef = 064A019A221B3BED001AE3AF /* AppDelegate.swift */; };
		064A01A0221B3BED001AE3AF /* Main.storyboard in Resources */ = {isa = PBXBuildFile; fileRef = 064A019E221B3BED001AE3AF /* Main.storyboard */; };
		064A01A2221B3BEF001AE3AF /* Assets.xcassets in Resources */ = {isa = PBXBuildFile; fileRef = 064A01A1221B3BEF001AE3AF /* Assets.xcassets */; };
		064A01A5221B3BEF001AE3AF /* LaunchScreen.storyboard in Resources */ = {isa = PBXBuildFile; fileRef = 064A01A3221B3BEF001AE3AF /* LaunchScreen.storyboard */; };
		064A01B0221B3BEF001AE3AF /* ModelTests.swift in Sources */ = {isa = PBXBuildFile; fileRef = 064A01AF221B3BEF001AE3AF /* ModelTests.swift */; };
		064A01BB221B4CE2001AE3AF /* Colors.xcassets in Resources */ = {isa = PBXBuildFile; fileRef = 064A01BA221B4CE2001AE3AF /* Colors.xcassets */; };
		064A01BE221B53AD001AE3AF /* ThemeColor.swift in Sources */ = {isa = PBXBuildFile; fileRef = 064A01BD221B53AD001AE3AF /* ThemeColor.swift */; };
		064A01CA221B5C0E001AE3AF /* Font.swift in Sources */ = {isa = PBXBuildFile; fileRef = 064A01C9221B5C0E001AE3AF /* Font.swift */; };
		064A01CC221C6388001AE3AF /* Icons.xcassets in Resources */ = {isa = PBXBuildFile; fileRef = 064A01CB221C6388001AE3AF /* Icons.xcassets */; };
		064A01CE221C77A3001AE3AF /* Image.swift in Sources */ = {isa = PBXBuildFile; fileRef = 064A01CD221C77A3001AE3AF /* Image.swift */; };
		066DBE97225292CA00534054 /* PlayerViewModelItem.swift in Sources */ = {isa = PBXBuildFile; fileRef = 066DBE96225292CA00534054 /* PlayerViewModelItem.swift */; };
		066DBE992252940200534054 /* PlayerViewModel.swift in Sources */ = {isa = PBXBuildFile; fileRef = 066DBE982252940200534054 /* PlayerViewModel.swift */; };
		06E9F4FD2256CF25000B2B8E /* CustomCellLabel.swift in Sources */ = {isa = PBXBuildFile; fileRef = 06E9F4FC2256CF25000B2B8E /* CustomCellLabel.swift */; };
/* End PBXBuildFile section */

/* Begin PBXContainerItemProxy section */
		064A01AC221B3BEF001AE3AF /* PBXContainerItemProxy */ = {
			isa = PBXContainerItemProxy;
			containerPortal = 064A018F221B3BED001AE3AF /* Project object */;
			proxyType = 1;
			remoteGlobalIDString = 064A0196221B3BED001AE3AF;
			remoteInfo = SparkleSpin;
		};
/* End PBXContainerItemProxy section */

/* Begin PBXFileReference section */
		0601DDDD222EF45D00CFBDE3 /* HomeViewController.swift */ = {isa = PBXFileReference; lastKnownFileType = sourcecode.swift; path = HomeViewController.swift; sourceTree = "<group>"; };
		0601DDE1222EFA7F00CFBDE3 /* LightButton.swift */ = {isa = PBXFileReference; lastKnownFileType = sourcecode.swift; path = LightButton.swift; sourceTree = "<group>"; };
		0601DE20223DBA1500CFBDE3 /* PlayerViewController.swift */ = {isa = PBXFileReference; lastKnownFileType = sourcecode.swift; path = PlayerViewController.swift; sourceTree = "<group>"; };
		0601DE23223DBC4F00CFBDE3 /* Identifier.swift */ = {isa = PBXFileReference; lastKnownFileType = sourcecode.swift; path = Identifier.swift; sourceTree = "<group>"; };
		0601DE25223EA98800CFBDE3 /* CustomTextField.swift */ = {isa = PBXFileReference; lastKnownFileType = sourcecode.swift; path = CustomTextField.swift; sourceTree = "<group>"; };
		0601DE28223EAF2400CFBDE3 /* EntryCell.swift */ = {isa = PBXFileReference; lastKnownFileType = sourcecode.swift; path = EntryCell.swift; sourceTree = "<group>"; };
		0601DE29223EAF2400CFBDE3 /* EntryCell.xib */ = {isa = PBXFileReference; lastKnownFileType = file.xib; path = EntryCell.xib; sourceTree = "<group>"; };
		0601DE2C22402C0F00CFBDE3 /* Constants.swift */ = {isa = PBXFileReference; lastKnownFileType = sourcecode.swift; path = Constants.swift; sourceTree = "<group>"; };
		0601DE2E2242913500CFBDE3 /* PlayerListModel.swift */ = {isa = PBXFileReference; lastKnownFileType = sourcecode.swift; path = PlayerListModel.swift; sourceTree = "<group>"; };
		060C4D10221F425600B0BB07 /* Images.xcassets */ = {isa = PBXFileReference; lastKnownFileType = folder.assetcatalog; path = Images.xcassets; sourceTree = "<group>"; };
		060C4D12222047AC00B0BB07 /* JUICE_Regular.ttf */ = {isa = PBXFileReference; lastKnownFileType = file; path = JUICE_Regular.ttf; sourceTree = "<group>"; };
		060C4D14222047BA00B0BB07 /* Library 3 am.otf */ = {isa = PBXFileReference; lastKnownFileType = file; path = "Library 3 am.otf"; sourceTree = "<group>"; };
		060C4D16222047C500B0BB07 /* PoetsenOne-Regular.otf */ = {isa = PBXFileReference; lastKnownFileType = file; path = "PoetsenOne-Regular.otf"; sourceTree = "<group>"; };
		060C4D18222047D100B0BB07 /* saxmono.ttf */ = {isa = PBXFileReference; lastKnownFileType = file; path = saxmono.ttf; sourceTree = "<group>"; };
		060C4D1B222710C100B0BB07 /* PlayerModel.swift */ = {isa = PBXFileReference; lastKnownFileType = sourcecode.swift; path = PlayerModel.swift; sourceTree = "<group>"; };
		060C4D1E22271E6800B0BB07 /* PlayerListViewModel.swift */ = {isa = PBXFileReference; lastKnownFileType = sourcecode.swift; path = PlayerListViewModel.swift; sourceTree = "<group>"; };
		060C4D20222754D400B0BB07 /* ChoreModel.swift */ = {isa = PBXFileReference; lastKnownFileType = sourcecode.swift; path = ChoreModel.swift; sourceTree = "<group>"; };
		060C4D222227556600B0BB07 /* ChoreViewModel.swift */ = {isa = PBXFileReference; lastKnownFileType = sourcecode.swift; path = ChoreViewModel.swift; sourceTree = "<group>"; };
		064A0197221B3BED001AE3AF /* SparkleSpin.app */ = {isa = PBXFileReference; explicitFileType = wrapper.application; includeInIndex = 0; path = SparkleSpin.app; sourceTree = BUILT_PRODUCTS_DIR; };
		064A019A221B3BED001AE3AF /* AppDelegate.swift */ = {isa = PBXFileReference; lastKnownFileType = sourcecode.swift; path = AppDelegate.swift; sourceTree = "<group>"; };
		064A019F221B3BED001AE3AF /* Base */ = {isa = PBXFileReference; lastKnownFileType = file.storyboard; name = Base; path = Base.lproj/Main.storyboard; sourceTree = "<group>"; };
		064A01A1221B3BEF001AE3AF /* Assets.xcassets */ = {isa = PBXFileReference; lastKnownFileType = folder.assetcatalog; path = Assets.xcassets; sourceTree = "<group>"; };
		064A01A4221B3BEF001AE3AF /* Base */ = {isa = PBXFileReference; lastKnownFileType = file.storyboard; name = Base; path = Base.lproj/LaunchScreen.storyboard; sourceTree = "<group>"; };
		064A01A6221B3BEF001AE3AF /* Info.plist */ = {isa = PBXFileReference; lastKnownFileType = text.plist.xml; path = Info.plist; sourceTree = "<group>"; };
		064A01AB221B3BEF001AE3AF /* SparkleSpinTests.xctest */ = {isa = PBXFileReference; explicitFileType = wrapper.cfbundle; includeInIndex = 0; path = SparkleSpinTests.xctest; sourceTree = BUILT_PRODUCTS_DIR; };
		064A01AF221B3BEF001AE3AF /* ModelTests.swift */ = {isa = PBXFileReference; lastKnownFileType = sourcecode.swift; path = ModelTests.swift; sourceTree = "<group>"; };
		064A01B1221B3BEF001AE3AF /* Info.plist */ = {isa = PBXFileReference; lastKnownFileType = text.plist.xml; path = Info.plist; sourceTree = "<group>"; };
		064A01BA221B4CE2001AE3AF /* Colors.xcassets */ = {isa = PBXFileReference; lastKnownFileType = folder.assetcatalog; path = Colors.xcassets; sourceTree = "<group>"; };
		064A01BD221B53AD001AE3AF /* ThemeColor.swift */ = {isa = PBXFileReference; lastKnownFileType = sourcecode.swift; path = ThemeColor.swift; sourceTree = "<group>"; };
		064A01C9221B5C0E001AE3AF /* Font.swift */ = {isa = PBXFileReference; lastKnownFileType = sourcecode.swift; path = Font.swift; sourceTree = "<group>"; };
		064A01CB221C6388001AE3AF /* Icons.xcassets */ = {isa = PBXFileReference; lastKnownFileType = folder.assetcatalog; path = Icons.xcassets; sourceTree = "<group>"; };
		064A01CD221C77A3001AE3AF /* Image.swift */ = {isa = PBXFileReference; lastKnownFileType = sourcecode.swift; path = Image.swift; sourceTree = "<group>"; };
		066DBE96225292CA00534054 /* PlayerViewModelItem.swift */ = {isa = PBXFileReference; lastKnownFileType = sourcecode.swift; path = PlayerViewModelItem.swift; sourceTree = "<group>"; };
		066DBE982252940200534054 /* PlayerViewModel.swift */ = {isa = PBXFileReference; lastKnownFileType = sourcecode.swift; path = PlayerViewModel.swift; sourceTree = "<group>"; };
		06E9F4FC2256CF25000B2B8E /* CustomCellLabel.swift */ = {isa = PBXFileReference; lastKnownFileType = sourcecode.swift; path = CustomCellLabel.swift; sourceTree = "<group>"; };
/* End PBXFileReference section */

/* Begin PBXFrameworksBuildPhase section */
		064A0194221B3BED001AE3AF /* Frameworks */ = {
			isa = PBXFrameworksBuildPhase;
			buildActionMask = 2147483647;
			files = (
			);
			runOnlyForDeploymentPostprocessing = 0;
		};
		064A01A8221B3BEF001AE3AF /* Frameworks */ = {
			isa = PBXFrameworksBuildPhase;
			buildActionMask = 2147483647;
			files = (
			);
			runOnlyForDeploymentPostprocessing = 0;
		};
/* End PBXFrameworksBuildPhase section */

/* Begin PBXGroup section */
		0601DDDC222EF2BE00CFBDE3 /* Controllers */ = {
			isa = PBXGroup;
			children = (
				0601DDDD222EF45D00CFBDE3 /* HomeViewController.swift */,
				0601DE20223DBA1500CFBDE3 /* PlayerViewController.swift */,
			);
			path = Controllers;
			sourceTree = "<group>";
		};
		0601DDE0222EFA1400CFBDE3 /* Views */ = {
			isa = PBXGroup;
			children = (
				0601DE27223EAE6C00CFBDE3 /* EntryCell */,
				0601DDE1222EFA7F00CFBDE3 /* LightButton.swift */,
				0601DE25223EA98800CFBDE3 /* CustomTextField.swift */,
				06E9F4FC2256CF25000B2B8E /* CustomCellLabel.swift */,
			);
			path = Views;
			sourceTree = "<group>";
		};
		0601DE22223DBAC300CFBDE3 /* Helpers */ = {
			isa = PBXGroup;
			children = (
				0601DE23223DBC4F00CFBDE3 /* Identifier.swift */,
				0601DE2C22402C0F00CFBDE3 /* Constants.swift */,
			);
			path = Helpers;
			sourceTree = "<group>";
		};
		0601DE27223EAE6C00CFBDE3 /* EntryCell */ = {
			isa = PBXGroup;
			children = (
				0601DE28223EAF2400CFBDE3 /* EntryCell.swift */,
				0601DE29223EAF2400CFBDE3 /* EntryCell.xib */,
			);
			path = EntryCell;
			sourceTree = "<group>";
		};
		060C4D1A2227107C00B0BB07 /* Models */ = {
			isa = PBXGroup;
			children = (
				060C4D1B222710C100B0BB07 /* PlayerModel.swift */,
				060C4D20222754D400B0BB07 /* ChoreModel.swift */,
				0601DE2E2242913500CFBDE3 /* PlayerListModel.swift */,
			);
			path = Models;
			sourceTree = "<group>";
		};
		060C4D1D22271E3E00B0BB07 /* ViewModels */ = {
			isa = PBXGroup;
			children = (
				060C4D1E22271E6800B0BB07 /* PlayerListViewModel.swift */,
				060C4D222227556600B0BB07 /* ChoreViewModel.swift */,
				066DBE96225292CA00534054 /* PlayerViewModelItem.swift */,
				066DBE982252940200534054 /* PlayerViewModel.swift */,
			);
			name = ViewModels;
			sourceTree = "<group>";
		};
		064A018E221B3BED001AE3AF = {
			isa = PBXGroup;
			children = (
				064A0199221B3BED001AE3AF /* SparkleSpin */,
				064A01AE221B3BEF001AE3AF /* SparkleSpinTests */,
				064A0198221B3BED001AE3AF /* Products */,
			);
			sourceTree = "<group>";
		};
		064A0198221B3BED001AE3AF /* Products */ = {
			isa = PBXGroup;
			children = (
				064A0197221B3BED001AE3AF /* SparkleSpin.app */,
				064A01AB221B3BEF001AE3AF /* SparkleSpinTests.xctest */,
			);
			name = Products;
			sourceTree = "<group>";
		};
		064A0199221B3BED001AE3AF /* SparkleSpin */ = {
			isa = PBXGroup;
			children = (
				0601DE22223DBAC300CFBDE3 /* Helpers */,
				0601DDE0222EFA1400CFBDE3 /* Views */,
				0601DDDC222EF2BE00CFBDE3 /* Controllers */,
				060C4D1D22271E3E00B0BB07 /* ViewModels */,
				060C4D1A2227107C00B0BB07 /* Models */,
				064A01C0221B591A001AE3AF /* Fonts */,
				064A01BC221B4FDC001AE3AF /* Style */,
				064A019A221B3BED001AE3AF /* AppDelegate.swift */,
				064A019E221B3BED001AE3AF /* Main.storyboard */,
				064A01A1221B3BEF001AE3AF /* Assets.xcassets */,
				064A01BA221B4CE2001AE3AF /* Colors.xcassets */,
				064A01CB221C6388001AE3AF /* Icons.xcassets */,
				064A01A3221B3BEF001AE3AF /* LaunchScreen.storyboard */,
				064A01A6221B3BEF001AE3AF /* Info.plist */,
				060C4D10221F425600B0BB07 /* Images.xcassets */,
			);
			path = SparkleSpin;
			sourceTree = "<group>";
		};
		064A01AE221B3BEF001AE3AF /* SparkleSpinTests */ = {
			isa = PBXGroup;
			children = (
				064A01AF221B3BEF001AE3AF /* ModelTests.swift */,
				064A01B1221B3BEF001AE3AF /* Info.plist */,
			);
			path = SparkleSpinTests;
			sourceTree = "<group>";
		};
		064A01BC221B4FDC001AE3AF /* Style */ = {
			isa = PBXGroup;
			children = (
				064A01BD221B53AD001AE3AF /* ThemeColor.swift */,
				064A01C9221B5C0E001AE3AF /* Font.swift */,
				064A01CD221C77A3001AE3AF /* Image.swift */,
			);
			path = Style;
			sourceTree = "<group>";
		};
		064A01C0221B591A001AE3AF /* Fonts */ = {
			isa = PBXGroup;
			children = (
				060C4D18222047D100B0BB07 /* saxmono.ttf */,
				060C4D16222047C500B0BB07 /* PoetsenOne-Regular.otf */,
				060C4D14222047BA00B0BB07 /* Library 3 am.otf */,
				060C4D12222047AC00B0BB07 /* JUICE_Regular.ttf */,
			);
			path = Fonts;
			sourceTree = "<group>";
		};
/* End PBXGroup section */

/* Begin PBXNativeTarget section */
		064A0196221B3BED001AE3AF /* SparkleSpin */ = {
			isa = PBXNativeTarget;
			buildConfigurationList = 064A01B4221B3BEF001AE3AF /* Build configuration list for PBXNativeTarget "SparkleSpin" */;
			buildPhases = (
				064A0193221B3BED001AE3AF /* Sources */,
				064A0194221B3BED001AE3AF /* Frameworks */,
				064A0195221B3BED001AE3AF /* Resources */,
			);
			buildRules = (
			);
			dependencies = (
			);
			name = SparkleSpin;
			productName = SparkleSpin;
			productReference = 064A0197221B3BED001AE3AF /* SparkleSpin.app */;
			productType = "com.apple.product-type.application";
		};
		064A01AA221B3BEF001AE3AF /* SparkleSpinTests */ = {
			isa = PBXNativeTarget;
			buildConfigurationList = 064A01B7221B3BEF001AE3AF /* Build configuration list for PBXNativeTarget "SparkleSpinTests" */;
			buildPhases = (
				064A01A7221B3BEF001AE3AF /* Sources */,
				064A01A8221B3BEF001AE3AF /* Frameworks */,
				064A01A9221B3BEF001AE3AF /* Resources */,
			);
			buildRules = (
			);
			dependencies = (
				064A01AD221B3BEF001AE3AF /* PBXTargetDependency */,
			);
			name = SparkleSpinTests;
			productName = SparkleSpinTests;
			productReference = 064A01AB221B3BEF001AE3AF /* SparkleSpinTests.xctest */;
			productType = "com.apple.product-type.bundle.unit-test";
		};
/* End PBXNativeTarget section */

/* Begin PBXProject section */
		064A018F221B3BED001AE3AF /* Project object */ = {
			isa = PBXProject;
			attributes = {
				LastSwiftUpdateCheck = 1010;
				LastUpgradeCheck = 1010;
				ORGANIZATIONNAME = "Britney Smith";
				TargetAttributes = {
					064A0196221B3BED001AE3AF = {
						CreatedOnToolsVersion = 10.1;
					};
					064A01AA221B3BEF001AE3AF = {
						CreatedOnToolsVersion = 10.1;
						TestTargetID = 064A0196221B3BED001AE3AF;
					};
				};
			};
			buildConfigurationList = 064A0192221B3BED001AE3AF /* Build configuration list for PBXProject "SparkleSpin" */;
			compatibilityVersion = "Xcode 9.3";
			developmentRegion = en;
			hasScannedForEncodings = 0;
			knownRegions = (
				en,
				Base,
			);
			mainGroup = 064A018E221B3BED001AE3AF;
			productRefGroup = 064A0198221B3BED001AE3AF /* Products */;
			projectDirPath = "";
			projectRoot = "";
			targets = (
				064A0196221B3BED001AE3AF /* SparkleSpin */,
				064A01AA221B3BEF001AE3AF /* SparkleSpinTests */,
			);
		};
/* End PBXProject section */

/* Begin PBXResourcesBuildPhase section */
		064A0195221B3BED001AE3AF /* Resources */ = {
			isa = PBXResourcesBuildPhase;
			buildActionMask = 2147483647;
			files = (
				060C4D13222047AC00B0BB07 /* JUICE_Regular.ttf in Resources */,
				064A01CC221C6388001AE3AF /* Icons.xcassets in Resources */,
				0601DE2B223EAF2400CFBDE3 /* EntryCell.xib in Resources */,
				064A01A5221B3BEF001AE3AF /* LaunchScreen.storyboard in Resources */,
				060C4D11221F425600B0BB07 /* Images.xcassets in Resources */,
				064A01BB221B4CE2001AE3AF /* Colors.xcassets in Resources */,
				060C4D17222047C500B0BB07 /* PoetsenOne-Regular.otf in Resources */,
				060C4D19222047D100B0BB07 /* saxmono.ttf in Resources */,
				064A01A2221B3BEF001AE3AF /* Assets.xcassets in Resources */,
				060C4D15222047BA00B0BB07 /* Library 3 am.otf in Resources */,
				064A01A0221B3BED001AE3AF /* Main.storyboard in Resources */,
			);
			runOnlyForDeploymentPostprocessing = 0;
		};
		064A01A9221B3BEF001AE3AF /* Resources */ = {
			isa = PBXResourcesBuildPhase;
			buildActionMask = 2147483647;
			files = (
			);
			runOnlyForDeploymentPostprocessing = 0;
		};
/* End PBXResourcesBuildPhase section */

/* Begin PBXSourcesBuildPhase section */
		064A0193221B3BED001AE3AF /* Sources */ = {
			isa = PBXSourcesBuildPhase;
			buildActionMask = 2147483647;
			files = (
				0601DE26223EA98800CFBDE3 /* CustomTextField.swift in Sources */,
				064A01CA221B5C0E001AE3AF /* Font.swift in Sources */,
				064A019B221B3BED001AE3AF /* AppDelegate.swift in Sources */,
				060C4D232227556600B0BB07 /* ChoreViewModel.swift in Sources */,
				0601DE2A223EAF2400CFBDE3 /* EntryCell.swift in Sources */,
				0601DE2D22402C0F00CFBDE3 /* Constants.swift in Sources */,
				064A01BE221B53AD001AE3AF /* ThemeColor.swift in Sources */,
				0601DDDE222EF45D00CFBDE3 /* HomeViewController.swift in Sources */,
				060C4D1C222710C100B0BB07 /* PlayerModel.swift in Sources */,
				066DBE992252940200534054 /* PlayerViewModel.swift in Sources */,
				060C4D21222754D400B0BB07 /* ChoreModel.swift in Sources */,
				0601DE2F2242913500CFBDE3 /* PlayerListModel.swift in Sources */,
				0601DE24223DBC4F00CFBDE3 /* Identifier.swift in Sources */,
				06E9F4FD2256CF25000B2B8E /* CustomCellLabel.swift in Sources */,
				060C4D1F22271E6800B0BB07 /* PlayerListViewModel.swift in Sources */,
				0601DDE2222EFA7F00CFBDE3 /* LightButton.swift in Sources */,
				0601DE21223DBA1500CFBDE3 /* PlayerViewController.swift in Sources */,
				064A01CE221C77A3001AE3AF /* Image.swift in Sources */,
				066DBE97225292CA00534054 /* PlayerViewModelItem.swift in Sources */,
			);
			runOnlyForDeploymentPostprocessing = 0;
		};
		064A01A7221B3BEF001AE3AF /* Sources */ = {
			isa = PBXSourcesBuildPhase;
			buildActionMask = 2147483647;
			files = (
				064A01B0221B3BEF001AE3AF /* ModelTests.swift in Sources */,
			);
			runOnlyForDeploymentPostprocessing = 0;
		};
/* End PBXSourcesBuildPhase section */

/* Begin PBXTargetDependency section */
		064A01AD221B3BEF001AE3AF /* PBXTargetDependency */ = {
			isa = PBXTargetDependency;
			target = 064A0196221B3BED001AE3AF /* SparkleSpin */;
			targetProxy = 064A01AC221B3BEF001AE3AF /* PBXContainerItemProxy */;
		};
/* End PBXTargetDependency section */

/* Begin PBXVariantGroup section */
		064A019E221B3BED001AE3AF /* Main.storyboard */ = {
			isa = PBXVariantGroup;
			children = (
				064A019F221B3BED001AE3AF /* Base */,
			);
			name = Main.storyboard;
			sourceTree = "<group>";
		};
		064A01A3221B3BEF001AE3AF /* LaunchScreen.storyboard */ = {
			isa = PBXVariantGroup;
			children = (
				064A01A4221B3BEF001AE3AF /* Base */,
			);
			name = LaunchScreen.storyboard;
			sourceTree = "<group>";
		};
/* End PBXVariantGroup section */

/* Begin XCBuildConfiguration section */
		064A01B2221B3BEF001AE3AF /* Debug */ = {
			isa = XCBuildConfiguration;
			buildSettings = {
				ALWAYS_SEARCH_USER_PATHS = NO;
				CLANG_ANALYZER_NONNULL = YES;
				CLANG_ANALYZER_NUMBER_OBJECT_CONVERSION = YES_AGGRESSIVE;
				CLANG_CXX_LANGUAGE_STANDARD = "gnu++14";
				CLANG_CXX_LIBRARY = "libc++";
				CLANG_ENABLE_MODULES = YES;
				CLANG_ENABLE_OBJC_ARC = YES;
				CLANG_ENABLE_OBJC_WEAK = YES;
				CLANG_WARN_BLOCK_CAPTURE_AUTORELEASING = YES;
				CLANG_WARN_BOOL_CONVERSION = YES;
				CLANG_WARN_COMMA = YES;
				CLANG_WARN_CONSTANT_CONVERSION = YES;
				CLANG_WARN_DEPRECATED_OBJC_IMPLEMENTATIONS = YES;
				CLANG_WARN_DIRECT_OBJC_ISA_USAGE = YES_ERROR;
				CLANG_WARN_DOCUMENTATION_COMMENTS = YES;
				CLANG_WARN_EMPTY_BODY = YES;
				CLANG_WARN_ENUM_CONVERSION = YES;
				CLANG_WARN_INFINITE_RECURSION = YES;
				CLANG_WARN_INT_CONVERSION = YES;
				CLANG_WARN_NON_LITERAL_NULL_CONVERSION = YES;
				CLANG_WARN_OBJC_IMPLICIT_RETAIN_SELF = YES;
				CLANG_WARN_OBJC_LITERAL_CONVERSION = YES;
				CLANG_WARN_OBJC_ROOT_CLASS = YES_ERROR;
				CLANG_WARN_RANGE_LOOP_ANALYSIS = YES;
				CLANG_WARN_STRICT_PROTOTYPES = YES;
				CLANG_WARN_SUSPICIOUS_MOVE = YES;
				CLANG_WARN_UNGUARDED_AVAILABILITY = YES_AGGRESSIVE;
				CLANG_WARN_UNREACHABLE_CODE = YES;
				CLANG_WARN__DUPLICATE_METHOD_MATCH = YES;
				CODE_SIGN_IDENTITY = "iPhone Developer";
				COPY_PHASE_STRIP = NO;
				DEBUG_INFORMATION_FORMAT = dwarf;
				ENABLE_STRICT_OBJC_MSGSEND = YES;
				ENABLE_TESTABILITY = YES;
				GCC_C_LANGUAGE_STANDARD = gnu11;
				GCC_DYNAMIC_NO_PIC = NO;
				GCC_NO_COMMON_BLOCKS = YES;
				GCC_OPTIMIZATION_LEVEL = 0;
				GCC_PREPROCESSOR_DEFINITIONS = (
					"DEBUG=1",
					"$(inherited)",
				);
				GCC_WARN_64_TO_32_BIT_CONVERSION = YES;
				GCC_WARN_ABOUT_RETURN_TYPE = YES_ERROR;
				GCC_WARN_UNDECLARED_SELECTOR = YES;
				GCC_WARN_UNINITIALIZED_AUTOS = YES_AGGRESSIVE;
				GCC_WARN_UNUSED_FUNCTION = YES;
				GCC_WARN_UNUSED_VARIABLE = YES;
				IPHONEOS_DEPLOYMENT_TARGET = 12.1;
				MTL_ENABLE_DEBUG_INFO = INCLUDE_SOURCE;
				MTL_FAST_MATH = YES;
				ONLY_ACTIVE_ARCH = YES;
				SDKROOT = iphoneos;
				SWIFT_ACTIVE_COMPILATION_CONDITIONS = DEBUG;
				SWIFT_OPTIMIZATION_LEVEL = "-Onone";
			};
			name = Debug;
		};
		064A01B3221B3BEF001AE3AF /* Release */ = {
			isa = XCBuildConfiguration;
			buildSettings = {
				ALWAYS_SEARCH_USER_PATHS = NO;
				CLANG_ANALYZER_NONNULL = YES;
				CLANG_ANALYZER_NUMBER_OBJECT_CONVERSION = YES_AGGRESSIVE;
				CLANG_CXX_LANGUAGE_STANDARD = "gnu++14";
				CLANG_CXX_LIBRARY = "libc++";
				CLANG_ENABLE_MODULES = YES;
				CLANG_ENABLE_OBJC_ARC = YES;
				CLANG_ENABLE_OBJC_WEAK = YES;
				CLANG_WARN_BLOCK_CAPTURE_AUTORELEASING = YES;
				CLANG_WARN_BOOL_CONVERSION = YES;
				CLANG_WARN_COMMA = YES;
				CLANG_WARN_CONSTANT_CONVERSION = YES;
				CLANG_WARN_DEPRECATED_OBJC_IMPLEMENTATIONS = YES;
				CLANG_WARN_DIRECT_OBJC_ISA_USAGE = YES_ERROR;
				CLANG_WARN_DOCUMENTATION_COMMENTS = YES;
				CLANG_WARN_EMPTY_BODY = YES;
				CLANG_WARN_ENUM_CONVERSION = YES;
				CLANG_WARN_INFINITE_RECURSION = YES;
				CLANG_WARN_INT_CONVERSION = YES;
				CLANG_WARN_NON_LITERAL_NULL_CONVERSION = YES;
				CLANG_WARN_OBJC_IMPLICIT_RETAIN_SELF = YES;
				CLANG_WARN_OBJC_LITERAL_CONVERSION = YES;
				CLANG_WARN_OBJC_ROOT_CLASS = YES_ERROR;
				CLANG_WARN_RANGE_LOOP_ANALYSIS = YES;
				CLANG_WARN_STRICT_PROTOTYPES = YES;
				CLANG_WARN_SUSPICIOUS_MOVE = YES;
				CLANG_WARN_UNGUARDED_AVAILABILITY = YES_AGGRESSIVE;
				CLANG_WARN_UNREACHABLE_CODE = YES;
				CLANG_WARN__DUPLICATE_METHOD_MATCH = YES;
				CODE_SIGN_IDENTITY = "iPhone Developer";
				COPY_PHASE_STRIP = NO;
				DEBUG_INFORMATION_FORMAT = "dwarf-with-dsym";
				ENABLE_NS_ASSERTIONS = NO;
				ENABLE_STRICT_OBJC_MSGSEND = YES;
				GCC_C_LANGUAGE_STANDARD = gnu11;
				GCC_NO_COMMON_BLOCKS = YES;
				GCC_WARN_64_TO_32_BIT_CONVERSION = YES;
				GCC_WARN_ABOUT_RETURN_TYPE = YES_ERROR;
				GCC_WARN_UNDECLARED_SELECTOR = YES;
				GCC_WARN_UNINITIALIZED_AUTOS = YES_AGGRESSIVE;
				GCC_WARN_UNUSED_FUNCTION = YES;
				GCC_WARN_UNUSED_VARIABLE = YES;
				IPHONEOS_DEPLOYMENT_TARGET = 12.1;
				MTL_ENABLE_DEBUG_INFO = NO;
				MTL_FAST_MATH = YES;
				SDKROOT = iphoneos;
				SWIFT_COMPILATION_MODE = wholemodule;
				SWIFT_OPTIMIZATION_LEVEL = "-O";
				VALIDATE_PRODUCT = YES;
			};
			name = Release;
		};
		064A01B5221B3BEF001AE3AF /* Debug */ = {
			isa = XCBuildConfiguration;
			buildSettings = {
				ASSETCATALOG_COMPILER_APPICON_NAME = AppIcon;
				CODE_SIGN_STYLE = Automatic;
				INFOPLIST_FILE = SparkleSpin/Info.plist;
				LD_RUNPATH_SEARCH_PATHS = (
					"$(inherited)",
					"@executable_path/Frameworks",
				);
				PRODUCT_BUNDLE_IDENTIFIER = com.britneysmith.SparkleSpin;
				PRODUCT_NAME = "$(TARGET_NAME)";
				SWIFT_VERSION = 4.2;
				TARGETED_DEVICE_FAMILY = "1,2";
			};
			name = Debug;
		};
		064A01B6221B3BEF001AE3AF /* Release */ = {
			isa = XCBuildConfiguration;
			buildSettings = {
				ASSETCATALOG_COMPILER_APPICON_NAME = AppIcon;
				CODE_SIGN_STYLE = Automatic;
				INFOPLIST_FILE = SparkleSpin/Info.plist;
				LD_RUNPATH_SEARCH_PATHS = (
					"$(inherited)",
					"@executable_path/Frameworks",
				);
				PRODUCT_BUNDLE_IDENTIFIER = com.britneysmith.SparkleSpin;
				PRODUCT_NAME = "$(TARGET_NAME)";
				SWIFT_VERSION = 4.2;
				TARGETED_DEVICE_FAMILY = "1,2";
			};
			name = Release;
		};
		064A01B8221B3BEF001AE3AF /* Debug */ = {
			isa = XCBuildConfiguration;
			buildSettings = {
				ALWAYS_EMBED_SWIFT_STANDARD_LIBRARIES = YES;
				BUNDLE_LOADER = "$(TEST_HOST)";
				CODE_SIGN_STYLE = Automatic;
				INFOPLIST_FILE = SparkleSpinTests/Info.plist;
				LD_RUNPATH_SEARCH_PATHS = (
					"$(inherited)",
					"@executable_path/Frameworks",
					"@loader_path/Frameworks",
				);
				PRODUCT_BUNDLE_IDENTIFIER = com.britneysmith.SparkleSpinTests;
				PRODUCT_NAME = "$(TARGET_NAME)";
				SWIFT_VERSION = 4.2;
				TARGETED_DEVICE_FAMILY = "1,2";
				TEST_HOST = "$(BUILT_PRODUCTS_DIR)/SparkleSpin.app/SparkleSpin";
			};
			name = Debug;
		};
		064A01B9221B3BEF001AE3AF /* Release */ = {
			isa = XCBuildConfiguration;
			buildSettings = {
				ALWAYS_EMBED_SWIFT_STANDARD_LIBRARIES = YES;
				BUNDLE_LOADER = "$(TEST_HOST)";
				CODE_SIGN_STYLE = Automatic;
				INFOPLIST_FILE = SparkleSpinTests/Info.plist;
				LD_RUNPATH_SEARCH_PATHS = (
					"$(inherited)",
					"@executable_path/Frameworks",
					"@loader_path/Frameworks",
				);
				PRODUCT_BUNDLE_IDENTIFIER = com.britneysmith.SparkleSpinTests;
				PRODUCT_NAME = "$(TARGET_NAME)";
				SWIFT_VERSION = 4.2;
				TARGETED_DEVICE_FAMILY = "1,2";
				TEST_HOST = "$(BUILT_PRODUCTS_DIR)/SparkleSpin.app/SparkleSpin";
			};
			name = Release;
		};
/* End XCBuildConfiguration section */

/* Begin XCConfigurationList section */
		064A0192221B3BED001AE3AF /* Build configuration list for PBXProject "SparkleSpin" */ = {
			isa = XCConfigurationList;
			buildConfigurations = (
				064A01B2221B3BEF001AE3AF /* Debug */,
				064A01B3221B3BEF001AE3AF /* Release */,
			);
			defaultConfigurationIsVisible = 0;
			defaultConfigurationName = Release;
		};
		064A01B4221B3BEF001AE3AF /* Build configuration list for PBXNativeTarget "SparkleSpin" */ = {
			isa = XCConfigurationList;
			buildConfigurations = (
				064A01B5221B3BEF001AE3AF /* Debug */,
				064A01B6221B3BEF001AE3AF /* Release */,
			);
			defaultConfigurationIsVisible = 0;
			defaultConfigurationName = Release;
		};
		064A01B7221B3BEF001AE3AF /* Build configuration list for PBXNativeTarget "SparkleSpinTests" */ = {
			isa = XCConfigurationList;
			buildConfigurations = (
				064A01B8221B3BEF001AE3AF /* Debug */,
				064A01B9221B3BEF001AE3AF /* Release */,
			);
			defaultConfigurationIsVisible = 0;
			defaultConfigurationName = Release;
		};
/* End XCConfigurationList section */
	};
	rootObject = 064A018F221B3BED001AE3AF /* Project object */;
}
